
Microsoft Visual Studio Solution File, Format Version 12.00
# Visual Studio Version 16
VisualStudioVersion = 16.0.29215.179
MinimumVisualStudioVersion = 10.0.40219.1
Project("{9A19103F-16F7-4668-BE54-9A1E7A4F7556}") = "SportsStore", "SportsStore\SportsStore.csproj", "{7CC4435A-2F0D-4692-B687-AD5D584DFFD1}"
EndProject
Global
	GlobalSection(SolutionConfigurationPlatforms) = preSolution
		Debug|Any CPU = Debug|Any CPU
		Release|Any CPU = Release|Any CPU
	EndGlobalSection
	GlobalSection(ProjectConfigurationPlatforms) = postSolution
		{7CC4435A-2F0D-4692-B687-AD5D584DFFD1}.Debug|Any CPU.ActiveCfg = Debug|Any CPU
		{7CC4435A-2F0D-4692-B687-AD5D584DFFD1}.Debug|Any CPU.Build.0 = Debug|Any CPU
		{7CC4435A-2F0D-4692-B687-AD5D584DFFD1}.Release|Any CPU.ActiveCfg = Release|Any CPU
		{7CC4435A-2F0D-4692-B687-AD5D584DFFD1}.Release|Any CPU.Build.0 = Release|Any CPU
	EndGlobalSection
	GlobalSection(SolutionProperties) = preSolution
		HideSolutionNode = FALSE
	EndGlobalSection
	GlobalSection(ExtensibilityGlobals) = postSolution
		SolutionGuid = {D2437093-492A-4C6F-9373-449B0119B1AC}
	EndGlobalSection
EndGlobal
